
Microsoft Visual Studio Solution File, Format Version 12.00
# Visual Studio Version 17
VisualStudioVersion = 17.12.35707.178
MinimumVisualStudioVersion = 10.0.40219.1
Project("{FAE04EC0-301F-11D3-BF4B-00C04F79EFBC}") = "Base.Core.Domain", "src\Base\Base.Core.Domain\Base.Core.Domain.csproj", "{4F9CAA49-51B0-4C28-8580-CA7223D48E25}"
EndProject
Project("{FAE04EC0-301F-11D3-BF4B-00C04F79EFBC}") = "Base.Core.Domain.Application", "src\Base\Base.Core.Domain.Application\Base.Core.Domain.Application.csproj", "{3B3CA5D2-014D-4C68-9190-437D7A50A7C5}"
EndProject
Project("{FAE04EC0-301F-11D3-BF4B-00C04F79EFBC}") = "Base.WebApi", "src\Base\Base.WebApi\Base.WebApi.csproj", "{D3C76F69-5B61-42F9-B573-3B5E3244132D}"
EndProject
Project("{FAE04EC0-301F-11D3-BF4B-00C04F79EFBC}") = "Shared.Infrasctructure.Orm", "src\Shared\Shared.Infrasctructure.Orm\Shared.Infrasctructure.Orm.csproj", "{A503CB3F-3572-47AD-8597-7DD76902DC68}"
EndProject
Project("{FAE04EC0-301F-11D3-BF4B-00C04F79EFBC}") = "Product.Core.Application", "src\Product\Product.Core.Application\Product.Core.Application.csproj", "{97B0D879-A4E6-4EBE-8FBC-FB9C0557A7A6}"
EndProject
Project("{2150E333-8FDC-42A3-9474-1A3956D46DE8}") = "1 Base", "1 Base", "{1667C8DD-0E46-4376-B882-5A4044B9C73E}"
EndProject
Project("{2150E333-8FDC-42A3-9474-1A3956D46DE8}") = "2 Shared", "2 Shared", "{E27AE0B8-65AD-4AB2-9361-521DC8E3754B}"
EndProject
Project("{2150E333-8FDC-42A3-9474-1A3956D46DE8}") = "3 Product", "3 Product", "{F58D19F5-E940-4E87-9812-8EC07E6C5CDD}"
EndProject
Project("{FAE04EC0-301F-11D3-BF4B-00C04F79EFBC}") = "Product.Core.Domain", "src\Product\Product.Core.Domain\Product.Core.Domain.csproj", "{B9DA396C-01EE-4AF5-86E2-1A67AB5FDBC9}"
EndProject
Project("{FAE04EC0-301F-11D3-BF4B-00C04F79EFBC}") = "Product.Infrastructure.Orm", "src\Product\Product.Infrastructure.Orm\Product.Infrastructure.Orm.csproj", "{9119907C-94EC-48CF-AB2A-8252951D2284}"
EndProject
Project("{FAE04EC0-301F-11D3-BF4B-00C04F79EFBC}") = "Product.WebApi", "src\Product\Product.WebApi\Product.WebApi.csproj", "{13148562-5644-46AC-9D8C-33DD1BD793F0}"
EndProject
Project("{FAE04EC0-301F-11D3-BF4B-00C04F79EFBC}") = "Base.Core.Domain.Messaging", "src\Base\Base.Core.Domain.Messaging\Base.Core.Domain.Messaging.csproj", "{BC1FDC01-8041-4B62-8310-0F5DF1BABCBB}"
EndProject
Project("{FAE04EC0-301F-11D3-BF4B-00C04F79EFBC}") = "Base.Infrastructure.Messaging", "src\Base\Base.Infrastructure.Messaging\Base.Infrastructure.Messaging.csproj", "{87BD4D60-8DAA-4573-9A55-CE0393BB8ACC}"
EndProject
Project("{FAE04EC0-301F-11D3-BF4B-00C04F79EFBC}") = "Product.Infrastructure.ElasticSearch", "src\Product\Product.Infrastructure.ElasticSearch\Product.Infrastructure.ElasticSearch.csproj", "{3E92A468-B7A2-47BE-9521-3246D80CF9FB}"
EndProject
Global
	GlobalSection(SolutionConfigurationPlatforms) = preSolution
		Debug|Any CPU = Debug|Any CPU
		Release|Any CPU = Release|Any CPU
	EndGlobalSection
	GlobalSection(ProjectConfigurationPlatforms) = postSolution
		{4F9CAA49-51B0-4C28-8580-CA7223D48E25}.Debug|Any CPU.ActiveCfg = Debug|Any CPU
		{4F9CAA49-51B0-4C28-8580-CA7223D48E25}.Debug|Any CPU.Build.0 = Debug|Any CPU
		{4F9CAA49-51B0-4C28-8580-CA7223D48E25}.Release|Any CPU.ActiveCfg = Release|Any CPU
		{4F9CAA49-51B0-4C28-8580-CA7223D48E25}.Release|Any CPU.Build.0 = Release|Any CPU
		{3B3CA5D2-014D-4C68-9190-437D7A50A7C5}.Debug|Any CPU.ActiveCfg = Debug|Any CPU
		{3B3CA5D2-014D-4C68-9190-437D7A50A7C5}.Debug|Any CPU.Build.0 = Debug|Any CPU
		{3B3CA5D2-014D-4C68-9190-437D7A50A7C5}.Release|Any CPU.ActiveCfg = Release|Any CPU
		{3B3CA5D2-014D-4C68-9190-437D7A50A7C5}.Release|Any CPU.Build.0 = Release|Any CPU
		{D3C76F69-5B61-42F9-B573-3B5E3244132D}.Debug|Any CPU.ActiveCfg = Debug|Any CPU
		{D3C76F69-5B61-42F9-B573-3B5E3244132D}.Debug|Any CPU.Build.0 = Debug|Any CPU
		{D3C76F69-5B61-42F9-B573-3B5E3244132D}.Release|Any CPU.ActiveCfg = Release|Any CPU
		{D3C76F69-5B61-42F9-B573-3B5E3244132D}.Release|Any CPU.Build.0 = Release|Any CPU
		{A503CB3F-3572-47AD-8597-7DD76902DC68}.Debug|Any CPU.ActiveCfg = Debug|Any CPU
		{A503CB3F-3572-47AD-8597-7DD76902DC68}.Debug|Any CPU.Build.0 = Debug|Any CPU
		{A503CB3F-3572-47AD-8597-7DD76902DC68}.Release|Any CPU.ActiveCfg = Release|Any CPU
		{A503CB3F-3572-47AD-8597-7DD76902DC68}.Release|Any CPU.Build.0 = Release|Any CPU
		{97B0D879-A4E6-4EBE-8FBC-FB9C0557A7A6}.Debug|Any CPU.ActiveCfg = Debug|Any CPU
		{97B0D879-A4E6-4EBE-8FBC-FB9C0557A7A6}.Debug|Any CPU.Build.0 = Debug|Any CPU
		{97B0D879-A4E6-4EBE-8FBC-FB9C0557A7A6}.Release|Any CPU.ActiveCfg = Release|Any CPU
		{97B0D879-A4E6-4EBE-8FBC-FB9C0557A7A6}.Release|Any CPU.Build.0 = Release|Any CPU
		{B9DA396C-01EE-4AF5-86E2-1A67AB5FDBC9}.Debug|Any CPU.ActiveCfg = Debug|Any CPU
		{B9DA396C-01EE-4AF5-86E2-1A67AB5FDBC9}.Debug|Any CPU.Build.0 = Debug|Any CPU
		{B9DA396C-01EE-4AF5-86E2-1A67AB5FDBC9}.Release|Any CPU.ActiveCfg = Release|Any CPU
		{B9DA396C-01EE-4AF5-86E2-1A67AB5FDBC9}.Release|Any CPU.Build.0 = Release|Any CPU
		{9119907C-94EC-48CF-AB2A-8252951D2284}.Debug|Any CPU.ActiveCfg = Debug|Any CPU
		{9119907C-94EC-48CF-AB2A-8252951D2284}.Debug|Any CPU.Build.0 = Debug|Any CPU
		{9119907C-94EC-48CF-AB2A-8252951D2284}.Release|Any CPU.ActiveCfg = Release|Any CPU
		{9119907C-94EC-48CF-AB2A-8252951D2284}.Release|Any CPU.Build.0 = Release|Any CPU
		{13148562-5644-46AC-9D8C-33DD1BD793F0}.Debug|Any CPU.ActiveCfg = Debug|Any CPU
		{13148562-5644-46AC-9D8C-33DD1BD793F0}.Debug|Any CPU.Build.0 = Debug|Any CPU
		{13148562-5644-46AC-9D8C-33DD1BD793F0}.Release|Any CPU.ActiveCfg = Release|Any CPU
		{13148562-5644-46AC-9D8C-33DD1BD793F0}.Release|Any CPU.Build.0 = Release|Any CPU
		{BC1FDC01-8041-4B62-8310-0F5DF1BABCBB}.Debug|Any CPU.ActiveCfg = Debug|Any CPU
		{BC1FDC01-8041-4B62-8310-0F5DF1BABCBB}.Debug|Any CPU.Build.0 = Debug|Any CPU
		{BC1FDC01-8041-4B62-8310-0F5DF1BABCBB}.Release|Any CPU.ActiveCfg = Release|Any CPU
		{BC1FDC01-8041-4B62-8310-0F5DF1BABCBB}.Release|Any CPU.Build.0 = Release|Any CPU
		{87BD4D60-8DAA-4573-9A55-CE0393BB8ACC}.Debug|Any CPU.ActiveCfg = Debug|Any CPU
		{87BD4D60-8DAA-4573-9A55-CE0393BB8ACC}.Debug|Any CPU.Build.0 = Debug|Any CPU
		{87BD4D60-8DAA-4573-9A55-CE0393BB8ACC}.Release|Any CPU.ActiveCfg = Release|Any CPU
		{87BD4D60-8DAA-4573-9A55-CE0393BB8ACC}.Release|Any CPU.Build.0 = Release|Any CPU
		{3E92A468-B7A2-47BE-9521-3246D80CF9FB}.Debug|Any CPU.ActiveCfg = Debug|Any CPU
		{3E92A468-B7A2-47BE-9521-3246D80CF9FB}.Debug|Any CPU.Build.0 = Debug|Any CPU
		{3E92A468-B7A2-47BE-9521-3246D80CF9FB}.Release|Any CPU.ActiveCfg = Release|Any CPU
		{3E92A468-B7A2-47BE-9521-3246D80CF9FB}.Release|Any CPU.Build.0 = Release|Any CPU
	EndGlobalSection
	GlobalSection(SolutionProperties) = preSolution
		HideSolutionNode = FALSE
	EndGlobalSection
	GlobalSection(NestedProjects) = preSolution
		{4F9CAA49-51B0-4C28-8580-CA7223D48E25} = {1667C8DD-0E46-4376-B882-5A4044B9C73E}
		{3B3CA5D2-014D-4C68-9190-437D7A50A7C5} = {1667C8DD-0E46-4376-B882-5A4044B9C73E}
		{D3C76F69-5B61-42F9-B573-3B5E3244132D} = {1667C8DD-0E46-4376-B882-5A4044B9C73E}
		{A503CB3F-3572-47AD-8597-7DD76902DC68} = {E27AE0B8-65AD-4AB2-9361-521DC8E3754B}
		{97B0D879-A4E6-4EBE-8FBC-FB9C0557A7A6} = {F58D19F5-E940-4E87-9812-8EC07E6C5CDD}
		{B9DA396C-01EE-4AF5-86E2-1A67AB5FDBC9} = {F58D19F5-E940-4E87-9812-8EC07E6C5CDD}
		{9119907C-94EC-48CF-AB2A-8252951D2284} = {F58D19F5-E940-4E87-9812-8EC07E6C5CDD}
		{13148562-5644-46AC-9D8C-33DD1BD793F0} = {F58D19F5-E940-4E87-9812-8EC07E6C5CDD}
		{BC1FDC01-8041-4B62-8310-0F5DF1BABCBB} = {1667C8DD-0E46-4376-B882-5A4044B9C73E}
		{87BD4D60-8DAA-4573-9A55-CE0393BB8ACC} = {1667C8DD-0E46-4376-B882-5A4044B9C73E}
		{3E92A468-B7A2-47BE-9521-3246D80CF9FB} = {F58D19F5-E940-4E87-9812-8EC07E6C5CDD}
	EndGlobalSection
EndGlobal
